
Microsoft Visual Studio Solution File, Format Version 12.00
# Visual Studio Version 17
VisualStudioVersion = 17.2.32602.215
MinimumVisualStudioVersion = 10.0.40219.1
Project("{2150E333-8FDC-42A3-9474-1A3956D46DE8}") = "src", "src", "{264F2EC0-5B36-4784-84BB-84C942F0D970}"
EndProject
Project("{2150E333-8FDC-42A3-9474-1A3956D46DE8}") = "Solution Items", "Solution Items", "{6B01B646-1BAF-4AF1-BADF-74DEE0326F51}"
	ProjectSection(SolutionItems) = preProject
		ServiceUrls.txt = ServiceUrls.txt
	EndProjectSection
EndProject
Project("{2150E333-8FDC-42A3-9474-1A3956D46DE8}") = "ApiGateways", "ApiGateways", "{C545D070-24BE-4B70-8247-0A09A55A8B1D}"
EndProject
Project("{2150E333-8FDC-42A3-9474-1A3956D46DE8}") = "BuildingBlocks", "BuildingBlocks", "{6E0FBD2D-BE1D-483F-AD3B-96EC17C0EB4A}"
EndProject
Project("{2150E333-8FDC-42A3-9474-1A3956D46DE8}") = "Services", "Services", "{BFDFA1B7-0B44-49EB-B9EE-DD56EBE6EEE1}"
EndProject
Project("{2150E333-8FDC-42A3-9474-1A3956D46DE8}") = "Clients", "Clients", "{B3D377DC-1DC2-4F89-904F-88B92C8D4C3F}"
EndProject
Project("{FAE04EC0-301F-11D3-BF4B-00C04F79EFBC}") = "Web.ApiGateway", "src\ApiGateways\WebApiGateway\Web.ApiGateway\Web.ApiGateway.csproj", "{9CDD920E-B25C-4042-9B8C-E5FF37227F34}"
EndProject
Project("{2150E333-8FDC-42A3-9474-1A3956D46DE8}") = "WebApiGateway", "WebApiGateway", "{D8CF1933-0621-4912-9226-7A94E4BC4EEF}"
EndProject
Project("{2150E333-8FDC-42A3-9474-1A3956D46DE8}") = "EventBus", "EventBus", "{76A1D67B-07A9-4722-8CDE-1AA6B27D5DA8}"
EndProject
Project("{FAE04EC0-301F-11D3-BF4B-00C04F79EFBC}") = "EventBus.Base", "src\BuildingBlocks\EventBus\EventBus.Base\EventBus.Base.csproj", "{8900FE0E-D9ED-4752-9420-5F102E20A24D}"
EndProject
Project("{FAE04EC0-301F-11D3-BF4B-00C04F79EFBC}") = "EventBus.Factory", "src\BuildingBlocks\EventBus\EventBus.Factory\EventBus.Factory.csproj", "{CA41ECF9-19A6-4C66-BED7-C466B9D46B69}"
EndProject
Project("{FAE04EC0-301F-11D3-BF4B-00C04F79EFBC}") = "EventBus.AzureServiceBus", "src\BuildingBlocks\EventBus\EventBus.AzureServiceBus\EventBus.AzureServiceBus.csproj", "{C8E7C130-238F-4290-9789-39D604D4ABCF}"
EndProject
Project("{FAE04EC0-301F-11D3-BF4B-00C04F79EFBC}") = "EventBus.RabbitMQ", "src\BuildingBlocks\EventBus\EventBus.RabbitMQ\EventBus.RabbitMQ.csproj", "{3BACFEBD-ECD3-4125-90B5-36E29D49579E}"
EndProject
Project("{2150E333-8FDC-42A3-9474-1A3956D46DE8}") = "BlazorWebApp", "BlazorWebApp", "{0030FE3C-4823-48C1-8EB0-6EDFEF0E129F}"
EndProject
Project("{FAE04EC0-301F-11D3-BF4B-00C04F79EFBC}") = "WebApp", "src\Clients\BlazorWebApp\WebApp\WebApp.csproj", "{A31A18DE-AC1C-4F4D-B8A1-9E8B739618B2}"
EndProject
Project("{2150E333-8FDC-42A3-9474-1A3956D46DE8}") = "BasketService", "BasketService", "{876F688A-8EEB-4E78-8F9A-D2E353302887}"
EndProject
Project("{FAE04EC0-301F-11D3-BF4B-00C04F79EFBC}") = "BasketService.Api", "src\Services\BasketService\BasketService.Api\BasketService.Api.csproj", "{E359E0AE-B833-44B1-8127-FFA738FAF345}"
EndProject
Project("{2150E333-8FDC-42A3-9474-1A3956D46DE8}") = "CatalogService", "CatalogService", "{CAA60798-F6C7-441F-B3CC-33295B41E02E}"
EndProject
Project("{FAE04EC0-301F-11D3-BF4B-00C04F79EFBC}") = "CatalogService.Api", "src\Services\CatalogService\CatalogService.Api\CatalogService.Api.csproj", "{40D7D577-2F76-4DDE-8E88-3123D7CB613A}"
EndProject
Project("{2150E333-8FDC-42A3-9474-1A3956D46DE8}") = "IdentityService", "IdentityService", "{429B0633-2B49-4B79-88AA-A71183CD77EE}"
EndProject
Project("{FAE04EC0-301F-11D3-BF4B-00C04F79EFBC}") = "IdentityService.Api", "src\Services\IdentityService\IdentityService.Api\IdentityService.Api.csproj", "{EC3514F9-5EB0-46F3-9AE7-434B31ED0902}"
EndProject
Project("{2150E333-8FDC-42A3-9474-1A3956D46DE8}") = "NotificationService", "NotificationService", "{BA092A6D-7F70-4EA4-84C2-D3E8AEA008DF}"
EndProject
Project("{FAE04EC0-301F-11D3-BF4B-00C04F79EFBC}") = "NotificationService", "src\Services\NotificationService\NotificationService\NotificationService.csproj", "{482B2901-EC73-4283-A9DB-7BE875AF2B30}"
EndProject
Project("{2150E333-8FDC-42A3-9474-1A3956D46DE8}") = "OrderService", "OrderService", "{5FBB52D6-E330-4EAE-82F1-D310D084783B}"
EndProject
Project("{FAE04EC0-301F-11D3-BF4B-00C04F79EFBC}") = "OrderService.Domain", "src\Services\OrderService\OrderService.Domain\OrderService.Domain.csproj", "{04430D9B-2C93-45C0-BF63-CBC6D0C524CB}"
EndProject
Project("{FAE04EC0-301F-11D3-BF4B-00C04F79EFBC}") = "OrderService.Application", "src\Services\OrderService\OrderService.Application\OrderService.Application.csproj", "{4667E36E-09EF-41DB-BC5A-889A96DA3DF8}"
EndProject
Project("{FAE04EC0-301F-11D3-BF4B-00C04F79EFBC}") = "OrderService.Infrastructure", "src\Services\OrderService\OrderService.Infrastructure\OrderService.Infrastructure.csproj", "{CC4DB81C-B6AE-41E9-8E7E-03EAA6EFCECB}"
EndProject
Project("{FAE04EC0-301F-11D3-BF4B-00C04F79EFBC}") = "OrderService.Api", "src\Services\OrderService\OrderService.Api\OrderService.Api.csproj", "{82D82D19-BEB1-4AA8-8FCD-06CE87290CC5}"
EndProject
Project("{2150E333-8FDC-42A3-9474-1A3956D46DE8}") = "PaymentService", "PaymentService", "{C61FB88A-9880-4E74-9F6E-4A885EE1CEFA}"
EndProject
Project("{FAE04EC0-301F-11D3-BF4B-00C04F79EFBC}") = "PaymentService.WebApi", "src\Services\PaymentService\PaymentService.WebApi\PaymentService.WebApi.csproj", "{FCCEE2A7-D87B-4729-AEAF-9BC485795A44}"
EndProject
Global
	GlobalSection(SolutionConfigurationPlatforms) = preSolution
		Debug|Any CPU = Debug|Any CPU
		Release|Any CPU = Release|Any CPU
	EndGlobalSection
	GlobalSection(ProjectConfigurationPlatforms) = postSolution
		{9CDD920E-B25C-4042-9B8C-E5FF37227F34}.Debug|Any CPU.ActiveCfg = Debug|Any CPU
		{9CDD920E-B25C-4042-9B8C-E5FF37227F34}.Debug|Any CPU.Build.0 = Debug|Any CPU
		{9CDD920E-B25C-4042-9B8C-E5FF37227F34}.Release|Any CPU.ActiveCfg = Release|Any CPU
		{9CDD920E-B25C-4042-9B8C-E5FF37227F34}.Release|Any CPU.Build.0 = Release|Any CPU
		{8900FE0E-D9ED-4752-9420-5F102E20A24D}.Debug|Any CPU.ActiveCfg = Debug|Any CPU
		{8900FE0E-D9ED-4752-9420-5F102E20A24D}.Debug|Any CPU.Build.0 = Debug|Any CPU
		{8900FE0E-D9ED-4752-9420-5F102E20A24D}.Release|Any CPU.ActiveCfg = Release|Any CPU
		{8900FE0E-D9ED-4752-9420-5F102E20A24D}.Release|Any CPU.Build.0 = Release|Any CPU
		{CA41ECF9-19A6-4C66-BED7-C466B9D46B69}.Debug|Any CPU.ActiveCfg = Debug|Any CPU
		{CA41ECF9-19A6-4C66-BED7-C466B9D46B69}.Debug|Any CPU.Build.0 = Debug|Any CPU
		{CA41ECF9-19A6-4C66-BED7-C466B9D46B69}.Release|Any CPU.ActiveCfg = Release|Any CPU
		{CA41ECF9-19A6-4C66-BED7-C466B9D46B69}.Release|Any CPU.Build.0 = Release|Any CPU
		{C8E7C130-238F-4290-9789-39D604D4ABCF}.Debug|Any CPU.ActiveCfg = Debug|Any CPU
		{C8E7C130-238F-4290-9789-39D604D4ABCF}.Debug|Any CPU.Build.0 = Debug|Any CPU
		{C8E7C130-238F-4290-9789-39D604D4ABCF}.Release|Any CPU.ActiveCfg = Release|Any CPU
		{C8E7C130-238F-4290-9789-39D604D4ABCF}.Release|Any CPU.Build.0 = Release|Any CPU
		{3BACFEBD-ECD3-4125-90B5-36E29D49579E}.Debug|Any CPU.ActiveCfg = Debug|Any CPU
		{3BACFEBD-ECD3-4125-90B5-36E29D49579E}.Debug|Any CPU.Build.0 = Debug|Any CPU
		{3BACFEBD-ECD3-4125-90B5-36E29D49579E}.Release|Any CPU.ActiveCfg = Release|Any CPU
		{3BACFEBD-ECD3-4125-90B5-36E29D49579E}.Release|Any CPU.Build.0 = Release|Any CPU
		{A31A18DE-AC1C-4F4D-B8A1-9E8B739618B2}.Debug|Any CPU.ActiveCfg = Debug|Any CPU
		{A31A18DE-AC1C-4F4D-B8A1-9E8B739618B2}.Debug|Any CPU.Build.0 = Debug|Any CPU
		{A31A18DE-AC1C-4F4D-B8A1-9E8B739618B2}.Release|Any CPU.ActiveCfg = Release|Any CPU
		{A31A18DE-AC1C-4F4D-B8A1-9E8B739618B2}.Release|Any CPU.Build.0 = Release|Any CPU
		{E359E0AE-B833-44B1-8127-FFA738FAF345}.Debug|Any CPU.ActiveCfg = Debug|Any CPU
		{E359E0AE-B833-44B1-8127-FFA738FAF345}.Debug|Any CPU.Build.0 = Debug|Any CPU
		{E359E0AE-B833-44B1-8127-FFA738FAF345}.Release|Any CPU.ActiveCfg = Release|Any CPU
		{E359E0AE-B833-44B1-8127-FFA738FAF345}.Release|Any CPU.Build.0 = Release|Any CPU
		{40D7D577-2F76-4DDE-8E88-3123D7CB613A}.Debug|Any CPU.ActiveCfg = Debug|Any CPU
		{40D7D577-2F76-4DDE-8E88-3123D7CB613A}.Debug|Any CPU.Build.0 = Debug|Any CPU
		{40D7D577-2F76-4DDE-8E88-3123D7CB613A}.Release|Any CPU.ActiveCfg = Release|Any CPU
		{40D7D577-2F76-4DDE-8E88-3123D7CB613A}.Release|Any CPU.Build.0 = Release|Any CPU
		{EC3514F9-5EB0-46F3-9AE7-434B31ED0902}.Debug|Any CPU.ActiveCfg = Debug|Any CPU
		{EC3514F9-5EB0-46F3-9AE7-434B31ED0902}.Debug|Any CPU.Build.0 = Debug|Any CPU
		{EC3514F9-5EB0-46F3-9AE7-434B31ED0902}.Release|Any CPU.ActiveCfg = Release|Any CPU
		{EC3514F9-5EB0-46F3-9AE7-434B31ED0902}.Release|Any CPU.Build.0 = Release|Any CPU
		{482B2901-EC73-4283-A9DB-7BE875AF2B30}.Debug|Any CPU.ActiveCfg = Debug|Any CPU
		{482B2901-EC73-4283-A9DB-7BE875AF2B30}.Debug|Any CPU.Build.0 = Debug|Any CPU
		{482B2901-EC73-4283-A9DB-7BE875AF2B30}.Release|Any CPU.ActiveCfg = Release|Any CPU
		{482B2901-EC73-4283-A9DB-7BE875AF2B30}.Release|Any CPU.Build.0 = Release|Any CPU
		{04430D9B-2C93-45C0-BF63-CBC6D0C524CB}.Debug|Any CPU.ActiveCfg = Debug|Any CPU
		{04430D9B-2C93-45C0-BF63-CBC6D0C524CB}.Debug|Any CPU.Build.0 = Debug|Any CPU
		{04430D9B-2C93-45C0-BF63-CBC6D0C524CB}.Release|Any CPU.ActiveCfg = Release|Any CPU
		{04430D9B-2C93-45C0-BF63-CBC6D0C524CB}.Release|Any CPU.Build.0 = Release|Any CPU
		{4667E36E-09EF-41DB-BC5A-889A96DA3DF8}.Debug|Any CPU.ActiveCfg = Debug|Any CPU
		{4667E36E-09EF-41DB-BC5A-889A96DA3DF8}.Debug|Any CPU.Build.0 = Debug|Any CPU
		{4667E36E-09EF-41DB-BC5A-889A96DA3DF8}.Release|Any CPU.ActiveCfg = Release|Any CPU
		{4667E36E-09EF-41DB-BC5A-889A96DA3DF8}.Release|Any CPU.Build.0 = Release|Any CPU
		{CC4DB81C-B6AE-41E9-8E7E-03EAA6EFCECB}.Debug|Any CPU.ActiveCfg = Debug|Any CPU
		{CC4DB81C-B6AE-41E9-8E7E-03EAA6EFCECB}.Debug|Any CPU.Build.0 = Debug|Any CPU
		{CC4DB81C-B6AE-41E9-8E7E-03EAA6EFCECB}.Release|Any CPU.ActiveCfg = Release|Any CPU
		{CC4DB81C-B6AE-41E9-8E7E-03EAA6EFCECB}.Release|Any CPU.Build.0 = Release|Any CPU
		{82D82D19-BEB1-4AA8-8FCD-06CE87290CC5}.Debug|Any CPU.ActiveCfg = Debug|Any CPU
		{82D82D19-BEB1-4AA8-8FCD-06CE87290CC5}.Debug|Any CPU.Build.0 = Debug|Any CPU
		{82D82D19-BEB1-4AA8-8FCD-06CE87290CC5}.Release|Any CPU.ActiveCfg = Release|Any CPU
		{82D82D19-BEB1-4AA8-8FCD-06CE87290CC5}.Release|Any CPU.Build.0 = Release|Any CPU
		{FCCEE2A7-D87B-4729-AEAF-9BC485795A44}.Debug|Any CPU.ActiveCfg = Debug|Any CPU
		{FCCEE2A7-D87B-4729-AEAF-9BC485795A44}.Debug|Any CPU.Build.0 = Debug|Any CPU
		{FCCEE2A7-D87B-4729-AEAF-9BC485795A44}.Release|Any CPU.ActiveCfg = Release|Any CPU
		{FCCEE2A7-D87B-4729-AEAF-9BC485795A44}.Release|Any CPU.Build.0 = Release|Any CPU
	EndGlobalSection
	GlobalSection(SolutionProperties) = preSolution
		HideSolutionNode = FALSE
	EndGlobalSection
	GlobalSection(NestedProjects) = preSolution
		{C545D070-24BE-4B70-8247-0A09A55A8B1D} = {264F2EC0-5B36-4784-84BB-84C942F0D970}
		{6E0FBD2D-BE1D-483F-AD3B-96EC17C0EB4A} = {264F2EC0-5B36-4784-84BB-84C942F0D970}
		{BFDFA1B7-0B44-49EB-B9EE-DD56EBE6EEE1} = {264F2EC0-5B36-4784-84BB-84C942F0D970}
		{B3D377DC-1DC2-4F89-904F-88B92C8D4C3F} = {264F2EC0-5B36-4784-84BB-84C942F0D970}
		{9CDD920E-B25C-4042-9B8C-E5FF37227F34} = {D8CF1933-0621-4912-9226-7A94E4BC4EEF}
		{D8CF1933-0621-4912-9226-7A94E4BC4EEF} = {C545D070-24BE-4B70-8247-0A09A55A8B1D}
		{76A1D67B-07A9-4722-8CDE-1AA6B27D5DA8} = {6E0FBD2D-BE1D-483F-AD3B-96EC17C0EB4A}
		{8900FE0E-D9ED-4752-9420-5F102E20A24D} = {76A1D67B-07A9-4722-8CDE-1AA6B27D5DA8}
		{CA41ECF9-19A6-4C66-BED7-C466B9D46B69} = {76A1D67B-07A9-4722-8CDE-1AA6B27D5DA8}
		{C8E7C130-238F-4290-9789-39D604D4ABCF} = {76A1D67B-07A9-4722-8CDE-1AA6B27D5DA8}
		{3BACFEBD-ECD3-4125-90B5-36E29D49579E} = {76A1D67B-07A9-4722-8CDE-1AA6B27D5DA8}
		{0030FE3C-4823-48C1-8EB0-6EDFEF0E129F} = {B3D377DC-1DC2-4F89-904F-88B92C8D4C3F}
		{A31A18DE-AC1C-4F4D-B8A1-9E8B739618B2} = {0030FE3C-4823-48C1-8EB0-6EDFEF0E129F}
		{876F688A-8EEB-4E78-8F9A-D2E353302887} = {BFDFA1B7-0B44-49EB-B9EE-DD56EBE6EEE1}
		{E359E0AE-B833-44B1-8127-FFA738FAF345} = {876F688A-8EEB-4E78-8F9A-D2E353302887}
		{CAA60798-F6C7-441F-B3CC-33295B41E02E} = {BFDFA1B7-0B44-49EB-B9EE-DD56EBE6EEE1}
		{40D7D577-2F76-4DDE-8E88-3123D7CB613A} = {CAA60798-F6C7-441F-B3CC-33295B41E02E}
		{429B0633-2B49-4B79-88AA-A71183CD77EE} = {BFDFA1B7-0B44-49EB-B9EE-DD56EBE6EEE1}
		{EC3514F9-5EB0-46F3-9AE7-434B31ED0902} = {429B0633-2B49-4B79-88AA-A71183CD77EE}
		{BA092A6D-7F70-4EA4-84C2-D3E8AEA008DF} = {BFDFA1B7-0B44-49EB-B9EE-DD56EBE6EEE1}
		{482B2901-EC73-4283-A9DB-7BE875AF2B30} = {BA092A6D-7F70-4EA4-84C2-D3E8AEA008DF}
		{5FBB52D6-E330-4EAE-82F1-D310D084783B} = {BFDFA1B7-0B44-49EB-B9EE-DD56EBE6EEE1}
		{04430D9B-2C93-45C0-BF63-CBC6D0C524CB} = {5FBB52D6-E330-4EAE-82F1-D310D084783B}
		{4667E36E-09EF-41DB-BC5A-889A96DA3DF8} = {5FBB52D6-E330-4EAE-82F1-D310D084783B}
		{CC4DB81C-B6AE-41E9-8E7E-03EAA6EFCECB} = {5FBB52D6-E330-4EAE-82F1-D310D084783B}
		{82D82D19-BEB1-4AA8-8FCD-06CE87290CC5} = {5FBB52D6-E330-4EAE-82F1-D310D084783B}
		{C61FB88A-9880-4E74-9F6E-4A885EE1CEFA} = {BFDFA1B7-0B44-49EB-B9EE-DD56EBE6EEE1}
		{FCCEE2A7-D87B-4729-AEAF-9BC485795A44} = {C61FB88A-9880-4E74-9F6E-4A885EE1CEFA}
	EndGlobalSection
	GlobalSection(ExtensibilityGlobals) = postSolution
		SolutionGuid = {567847F9-DBF6-4BAA-9E6F-1C014267BC7A}
	EndGlobalSection
EndGlobal
